
Microsoft Visual Studio Solution File, Format Version 12.00
# Visual Studio Version 17
VisualStudioVersion = 17.0.31903.59
MinimumVisualStudioVersion = 10.0.40219.1
Project("{2150E333-8FDC-42A3-9474-1A3956D46DE8}") = "src", "src", "{64CB0F65-7277-4E0F-BA3A-E5FC1A0C219A}"
EndProject
Project("{2150E333-8FDC-42A3-9474-1A3956D46DE8}") = "tests", "tests", "{5E9A12DB-AFC2-4D7D-A1F1-C8596285A316}"
EndProject
Project("{FAE04EC0-301F-11D3-BF4B-00C04F79EFBC}") = "Restaurants.API", "src\Restaurants.API\Restaurants.API.csproj", "{BD90B5B0-D45F-4B19-9F7C-05FCD38021C4}"
EndProject
Project("{FAE04EC0-301F-11D3-BF4B-00C04F79EFBC}") = "Restaurants.Application", "src\Restaurants.Application\Restaurants.Application.csproj", "{DF159E25-92E8-4DE7-B981-31060B343585}"
EndProject
Project("{FAE04EC0-301F-11D3-BF4B-00C04F79EFBC}") = "Restaurants.Domain", "src\Restaurants.Domain\Restaurants.Domain.csproj", "{E0AB92E6-87C2-45BA-B92F-4D86F502741A}"
EndProject
Project("{FAE04EC0-301F-11D3-BF4B-00C04F79EFBC}") = "Restaurants.Infrastructure", "src\Restaurants.Infrastructure\Restaurants.Infrastructure.csproj", "{505A01C8-6F62-4F10-8EC3-B3EC640C00C9}"
EndProject
Project("{FAE04EC0-301F-11D3-BF4B-00C04F79EFBC}") = "Restaurant.API.Tests", "tests\Restaurant.API.Tests\Restaurant.API.Tests.csproj", "{FA796E37-E314-4537-B3FB-7B83AEFDFA7E}"
EndProject
Project("{FAE04EC0-301F-11D3-BF4B-00C04F79EFBC}") = "Restaurant.Application.Tests", "tests\Restaurant.Application.Test\Restaurant.Application.Tests.csproj", "{5F8A576C-E137-46FD-AA31-8B949655A68E}"
EndProject
Global
	GlobalSection(SolutionConfigurationPlatforms) = preSolution
		Debug|Any CPU = Debug|Any CPU
		Release|Any CPU = Release|Any CPU
	EndGlobalSection
	GlobalSection(ProjectConfigurationPlatforms) = postSolution
		{BD90B5B0-D45F-4B19-9F7C-05FCD38021C4}.Debug|Any CPU.ActiveCfg = Debug|Any CPU
		{BD90B5B0-D45F-4B19-9F7C-05FCD38021C4}.Debug|Any CPU.Build.0 = Debug|Any CPU
		{BD90B5B0-D45F-4B19-9F7C-05FCD38021C4}.Release|Any CPU.ActiveCfg = Release|Any CPU
		{BD90B5B0-D45F-4B19-9F7C-05FCD38021C4}.Release|Any CPU.Build.0 = Release|Any CPU
		{DF159E25-92E8-4DE7-B981-31060B343585}.Debug|Any CPU.ActiveCfg = Debug|Any CPU
		{DF159E25-92E8-4DE7-B981-31060B343585}.Debug|Any CPU.Build.0 = Debug|Any CPU
		{DF159E25-92E8-4DE7-B981-31060B343585}.Release|Any CPU.ActiveCfg = Release|Any CPU
		{DF159E25-92E8-4DE7-B981-31060B343585}.Release|Any CPU.Build.0 = Release|Any CPU
		{E0AB92E6-87C2-45BA-B92F-4D86F502741A}.Debug|Any CPU.ActiveCfg = Debug|Any CPU
		{E0AB92E6-87C2-45BA-B92F-4D86F502741A}.Debug|Any CPU.Build.0 = Debug|Any CPU
		{E0AB92E6-87C2-45BA-B92F-4D86F502741A}.Release|Any CPU.ActiveCfg = Release|Any CPU
		{E0AB92E6-87C2-45BA-B92F-4D86F502741A}.Release|Any CPU.Build.0 = Release|Any CPU
		{505A01C8-6F62-4F10-8EC3-B3EC640C00C9}.Debug|Any CPU.ActiveCfg = Debug|Any CPU
		{505A01C8-6F62-4F10-8EC3-B3EC640C00C9}.Debug|Any CPU.Build.0 = Debug|Any CPU
		{505A01C8-6F62-4F10-8EC3-B3EC640C00C9}.Release|Any CPU.ActiveCfg = Release|Any CPU
		{505A01C8-6F62-4F10-8EC3-B3EC640C00C9}.Release|Any CPU.Build.0 = Release|Any CPU
		{FA796E37-E314-4537-B3FB-7B83AEFDFA7E}.Debug|Any CPU.ActiveCfg = Debug|Any CPU
		{FA796E37-E314-4537-B3FB-7B83AEFDFA7E}.Debug|Any CPU.Build.0 = Debug|Any CPU
		{FA796E37-E314-4537-B3FB-7B83AEFDFA7E}.Release|Any CPU.ActiveCfg = Release|Any CPU
		{FA796E37-E314-4537-B3FB-7B83AEFDFA7E}.Release|Any CPU.Build.0 = Release|Any CPU
		{5F8A576C-E137-46FD-AA31-8B949655A68E}.Debug|Any CPU.ActiveCfg = Debug|Any CPU
		{5F8A576C-E137-46FD-AA31-8B949655A68E}.Debug|Any CPU.Build.0 = Debug|Any CPU
		{5F8A576C-E137-46FD-AA31-8B949655A68E}.Release|Any CPU.ActiveCfg = Release|Any CPU
		{5F8A576C-E137-46FD-AA31-8B949655A68E}.Release|Any CPU.Build.0 = Release|Any CPU
	EndGlobalSection
	GlobalSection(SolutionProperties) = preSolution
		HideSolutionNode = FALSE
	EndGlobalSection
	GlobalSection(NestedProjects) = preSolution
		{BD90B5B0-D45F-4B19-9F7C-05FCD38021C4} = {64CB0F65-7277-4E0F-BA3A-E5FC1A0C219A}
		{DF159E25-92E8-4DE7-B981-31060B343585} = {64CB0F65-7277-4E0F-BA3A-E5FC1A0C219A}
		{E0AB92E6-87C2-45BA-B92F-4D86F502741A} = {64CB0F65-7277-4E0F-BA3A-E5FC1A0C219A}
		{505A01C8-6F62-4F10-8EC3-B3EC640C00C9} = {64CB0F65-7277-4E0F-BA3A-E5FC1A0C219A}
		{FA796E37-E314-4537-B3FB-7B83AEFDFA7E} = {5E9A12DB-AFC2-4D7D-A1F1-C8596285A316}
		{5F8A576C-E137-46FD-AA31-8B949655A68E} = {5E9A12DB-AFC2-4D7D-A1F1-C8596285A316}
	EndGlobalSection
EndGlobal
